// !$*UTF8*$!
{
	archiveVersion = 1;
	classes = {
	};
	objectVersion = 52;
	objects = {

/* Begin PBXBuildFile section */
		817B03BB243DF75100563BE4 /* AppDelegate.swift in Sources */ = {isa = PBXBuildFile; fileRef = 817B03BA243DF75100563BE4 /* AppDelegate.swift */; };
		817B03BD243DF75100563BE4 /* SceneDelegate.swift in Sources */ = {isa = PBXBuildFile; fileRef = 817B03BC243DF75100563BE4 /* SceneDelegate.swift */; };
		817B03BF243DF75100563BE4 /* ViewController.swift in Sources */ = {isa = PBXBuildFile; fileRef = 817B03BE243DF75100563BE4 /* ViewController.swift */; };
		817B03C2243DF75100563BE4 /* Main.storyboard in Resources */ = {isa = PBXBuildFile; fileRef = 817B03C0243DF75100563BE4 /* Main.storyboard */; };
		817B03C4243DF75400563BE4 /* Assets.xcassets in Resources */ = {isa = PBXBuildFile; fileRef = 817B03C3243DF75400563BE4 /* Assets.xcassets */; };
		817B03C7243DF75400563BE4 /* LaunchScreen.storyboard in Resources */ = {isa = PBXBuildFile; fileRef = 817B03C5243DF75400563BE4 /* LaunchScreen.storyboard */; };
		817B03D0243DF80F00563BE4 /* RxSwift in Frameworks */ = {isa = PBXBuildFile; productRef = 817B03CF243DF80F00563BE4 /* RxSwift */; };
		817B03D2243DF80F00563BE4 /* RxCocoa in Frameworks */ = {isa = PBXBuildFile; productRef = 817B03D1243DF80F00563BE4 /* RxCocoa */; };
/* End PBXBuildFile section */

/* Begin PBXFileReference section */
		817B03B7243DF75100563BE4 /* DynamicConstraints.app */ = {isa = PBXFileReference; explicitFileType = wrapper.application; includeInIndex = 0; path = DynamicConstraints.app; sourceTree = BUILT_PRODUCTS_DIR; };
		817B03BA243DF75100563BE4 /* AppDelegate.swift */ = {isa = PBXFileReference; lastKnownFileType = sourcecode.swift; path = AppDelegate.swift; sourceTree = "<group>"; };
		817B03BC243DF75100563BE4 /* SceneDelegate.swift */ = {isa = PBXFileReference; lastKnownFileType = sourcecode.swift; path = SceneDelegate.swift; sourceTree = "<group>"; };
		817B03BE243DF75100563BE4 /* ViewController.swift */ = {isa = PBXFileReference; lastKnownFileType = sourcecode.swift; path = ViewController.swift; sourceTree = "<group>"; };
		817B03C1243DF75100563BE4 /* Base */ = {isa = PBXFileReference; lastKnownFileType = file.storyboard; name = Base; path = Base.lproj/Main.storyboard; sourceTree = "<group>"; };
		817B03C3243DF75400563BE4 /* Assets.xcassets */ = {isa = PBXFileReference; lastKnownFileType = folder.assetcatalog; path = Assets.xcassets; sourceTree = "<group>"; };
		817B03C6243DF75400563BE4 /* Base */ = {isa = PBXFileReference; lastKnownFileType = file.storyboard; name = Base; path = Base.lproj/LaunchScreen.storyboard; sourceTree = "<group>"; };
		817B03C8243DF75400563BE4 /* Info.plist */ = {isa = PBXFileReference; lastKnownFileType = text.plist.xml; path = Info.plist; sourceTree = "<group>"; };
/* End PBXFileReference section */

/* Begin PBXFrameworksBuildPhase section */
		817B03B4243DF75100563BE4 /* Frameworks */ = {
			isa = PBXFrameworksBuildPhase;
			buildActionMask = 2147483647;
			files = (
				817B03D2243DF80F00563BE4 /* RxCocoa in Frameworks */,
				817B03D0243DF80F00563BE4 /* RxSwift in Frameworks */,
			);
			runOnlyForDeploymentPostprocessing = 0;
		};
/* End PBXFrameworksBuildPhase section */

/* Begin PBXGroup section */
		817B03AE243DF75000563BE4 = {
			isa = PBXGroup;
			children = (
				817B03B9243DF75100563BE4 /* DynamicConstraints */,
				817B03B8243DF75100563BE4 /* Products */,
			);
			sourceTree = "<group>";
		};
		817B03B8243DF75100563BE4 /* Products */ = {
			isa = PBXGroup;
			children = (
				817B03B7243DF75100563BE4 /* DynamicConstraints.app */,
			);
			name = Products;
			sourceTree = "<group>";
		};
		817B03B9243DF75100563BE4 /* DynamicConstraints */ = {
			isa = PBXGroup;
			children = (
				817B03BA243DF75100563BE4 /* AppDelegate.swift */,
				817B03BC243DF75100563BE4 /* SceneDelegate.swift */,
				817B03BE243DF75100563BE4 /* ViewController.swift */,
				817B03C0243DF75100563BE4 /* Main.storyboard */,
				817B03C3243DF75400563BE4 /* Assets.xcassets */,
				817B03C5243DF75400563BE4 /* LaunchScreen.storyboard */,
				817B03C8243DF75400563BE4 /* Info.plist */,
			);
			path = DynamicConstraints;
			sourceTree = "<group>";
		};
/* End PBXGroup section */

/* Begin PBXNativeTarget section */
		817B03B6243DF75100563BE4 /* DynamicConstraints */ = {
			isa = PBXNativeTarget;
			buildConfigurationList = 817B03CB243DF75400563BE4 /* Build configuration list for PBXNativeTarget "DynamicConstraints" */;
			buildPhases = (
				817B03B3243DF75100563BE4 /* Sources */,
				817B03B4243DF75100563BE4 /* Frameworks */,
				817B03B5243DF75100563BE4 /* Resources */,
			);
			buildRules = (
			);
			dependencies = (
			);
			name = DynamicConstraints;
			packageProductDependencies = (
				817B03CF243DF80F00563BE4 /* RxSwift */,
				817B03D1243DF80F00563BE4 /* RxCocoa */,
			);
			productName = DynamicConstraints;
			productReference = 817B03B7243DF75100563BE4 /* DynamicConstraints.app */;
			productType = "com.apple.product-type.application";
		};
/* End PBXNativeTarget section */

/* Begin PBXProject section */
		817B03AF243DF75000563BE4 /* Project object */ = {
			isa = PBXProject;
			attributes = {
				LastSwiftUpdateCheck = 1140;
				LastUpgradeCheck = 1140;
				ORGANIZATIONNAME = "Adriano Ramos";
				TargetAttributes = {
					817B03B6243DF75100563BE4 = {
						CreatedOnToolsVersion = 11.4;
					};
				};
			};
			buildConfigurationList = 817B03B2243DF75000563BE4 /* Build configuration list for PBXProject "DynamicConstraints" */;
			compatibilityVersion = "Xcode 9.3";
			developmentRegion = en;
			hasScannedForEncodings = 0;
			knownRegions = (
				en,
				Base,
			);
			mainGroup = 817B03AE243DF75000563BE4;
			packageReferences = (
				817B03CE243DF80F00563BE4 /* XCRemoteSwiftPackageReference "RxSwift" */,
			);
			productRefGroup = 817B03B8243DF75100563BE4 /* Products */;
			projectDirPath = "";
			projectRoot = "";
			targets = (
				817B03B6243DF75100563BE4 /* DynamicConstraints */,
			);
		};
/* End PBXProject section */

/* Begin PBXResourcesBuildPhase section */
		817B03B5243DF75100563BE4 /* Resources */ = {
			isa = PBXResourcesBuildPhase;
			buildActionMask = 2147483647;
			files = (
				817B03C7243DF75400563BE4 /* LaunchScreen.storyboard in Resources */,
				817B03C4243DF75400563BE4 /* Assets.xcassets in Resources */,
				817B03C2243DF75100563BE4 /* Main.storyboard in Resources */,
			);
			runOnlyForDeploymentPostprocessing = 0;
		};
/* End PBXResourcesBuildPhase section */

/* Begin PBXSourcesBuildPhase section */
		817B03B3243DF75100563BE4 /* Sources */ = {
			isa = PBXSourcesBuildPhase;
			buildActionMask = 2147483647;
			files = (
				817B03BF243DF75100563BE4 /* ViewController.swift in Sources */,
				817B03BB243DF75100563BE4 /* AppDelegate.swift in Sources */,
				817B03BD243DF75100563BE4 /* SceneDelegate.swift in Sources */,
			);
			runOnlyForDeploymentPostprocessing = 0;
		};
/* End PBXSourcesBuildPhase section */

/* Begin PBXVariantGroup section */
		817B03C0243DF75100563BE4 /* Main.storyboard */ = {
			isa = PBXVariantGroup;
			children = (
				817B03C1243DF75100563BE4 /* Base */,
			);
			name = Main.storyboard;
			sourceTree = "<group>";
		};
		817B03C5243DF75400563BE4 /* LaunchScreen.storyboard */ = {
			isa = PBXVariantGroup;
			children = (
				817B03C6243DF75400563BE4 /* Base */,
			);
			name = LaunchScreen.storyboard;
			sourceTree = "<group>";
		};
/* End PBXVariantGroup section */

/* Begin XCBuildConfiguration section */
		817B03C9243DF75400563BE4 /* Debug */ = {
			isa = XCBuildConfiguration;
			buildSettings = {
				ALWAYS_SEARCH_USER_PATHS = NO;
				CLANG_ANALYZER_NONNULL = YES;
				CLANG_ANALYZER_NUMBER_OBJECT_CONVERSION = YES_AGGRESSIVE;
				CLANG_CXX_LANGUAGE_STANDARD = "gnu++14";
				CLANG_CXX_LIBRARY = "libc++";
				CLANG_ENABLE_MODULES = YES;
				CLANG_ENABLE_OBJC_ARC = YES;
				CLANG_ENABLE_OBJC_WEAK = YES;
				CLANG_WARN_BLOCK_CAPTURE_AUTORELEASING = YES;
				CLANG_WARN_BOOL_CONVERSION = YES;
				CLANG_WARN_COMMA = YES;
				CLANG_WARN_CONSTANT_CONVERSION = YES;
				CLANG_WARN_DEPRECATED_OBJC_IMPLEMENTATIONS = YES;
				CLANG_WARN_DIRECT_OBJC_ISA_USAGE = YES_ERROR;
				CLANG_WARN_DOCUMENTATION_COMMENTS = YES;
				CLANG_WARN_EMPTY_BODY = YES;
				CLANG_WARN_ENUM_CONVERSION = YES;
				CLANG_WARN_INFINITE_RECURSION = YES;
				CLANG_WARN_INT_CONVERSION = YES;
				CLANG_WARN_NON_LITERAL_NULL_CONVERSION = YES;
				CLANG_WARN_OBJC_IMPLICIT_RETAIN_SELF = YES;
				CLANG_WARN_OBJC_LITERAL_CONVERSION = YES;
				CLANG_WARN_OBJC_ROOT_CLASS = YES_ERROR;
				CLANG_WARN_RANGE_LOOP_ANALYSIS = YES;
				CLANG_WARN_STRICT_PROTOTYPES = YES;
				CLANG_WARN_SUSPICIOUS_MOVE = YES;
				CLANG_WARN_UNGUARDED_AVAILABILITY = YES_AGGRESSIVE;
				CLANG_WARN_UNREACHABLE_CODE = YES;
				CLANG_WARN__DUPLICATE_METHOD_MATCH = YES;
				COPY_PHASE_STRIP = NO;
				DEBUG_INFORMATION_FORMAT = dwarf;
				ENABLE_STRICT_OBJC_MSGSEND = YES;
				ENABLE_TESTABILITY = YES;
				GCC_C_LANGUAGE_STANDARD = gnu11;
				GCC_DYNAMIC_NO_PIC = NO;
				GCC_NO_COMMON_BLOCKS = YES;
				GCC_OPTIMIZATION_LEVEL = 0;
				GCC_PREPROCESSOR_DEFINITIONS = (
					"DEBUG=1",
					"$(inherited)",
				);
				GCC_WARN_64_TO_32_BIT_CONVERSION = YES;
				GCC_WARN_ABOUT_RETURN_TYPE = YES_ERROR;
				GCC_WARN_UNDECLARED_SELECTOR = YES;
				GCC_WARN_UNINITIALIZED_AUTOS = YES_AGGRESSIVE;
				GCC_WARN_UNUSED_FUNCTION = YES;
				GCC_WARN_UNUSED_VARIABLE = YES;
				IPHONEOS_DEPLOYMENT_TARGET = 13.4;
				MTL_ENABLE_DEBUG_INFO = INCLUDE_SOURCE;
				MTL_FAST_MATH = YES;
				ONLY_ACTIVE_ARCH = YES;
				SDKROOT = iphoneos;
				SWIFT_ACTIVE_COMPILATION_CONDITIONS = DEBUG;
				SWIFT_OPTIMIZATION_LEVEL = "-Onone";
			};
			name = Debug;
		};
		817B03CA243DF75400563BE4 /* Release */ = {
			isa = XCBuildConfiguration;
			buildSettings = {
				ALWAYS_SEARCH_USER_PATHS = NO;
				CLANG_ANALYZER_NONNULL = YES;
				CLANG_ANALYZER_NUMBER_OBJECT_CONVERSION = YES_AGGRESSIVE;
				CLANG_CXX_LANGUAGE_STANDARD = "gnu++14";
				CLANG_CXX_LIBRARY = "libc++";
				CLANG_ENABLE_MODULES = YES;
				CLANG_ENABLE_OBJC_ARC = YES;
				CLANG_ENABLE_OBJC_WEAK = YES;
				CLANG_WARN_BLOCK_CAPTURE_AUTORELEASING = YES;
				CLANG_WARN_BOOL_CONVERSION = YES;
				CLANG_WARN_COMMA = YES;
				CLANG_WARN_CONSTANT_CONVERSION = YES;
				CLANG_WARN_DEPRECATED_OBJC_IMPLEMENTATIONS = YES;
				CLANG_WARN_DIRECT_OBJC_ISA_USAGE = YES_ERROR;
				CLANG_WARN_DOCUMENTATION_COMMENTS = YES;
				CLANG_WARN_EMPTY_BODY = YES;
				CLANG_WARN_ENUM_CONVERSION = YES;
				CLANG_WARN_INFINITE_RECURSION = YES;
				CLANG_WARN_INT_CONVERSION = YES;
				CLANG_WARN_NON_LITERAL_NULL_CONVERSION = YES;
				CLANG_WARN_OBJC_IMPLICIT_RETAIN_SELF = YES;
				CLANG_WARN_OBJC_LITERAL_CONVERSION = YES;
				CLANG_WARN_OBJC_ROOT_CLASS = YES_ERROR;
				CLANG_WARN_RANGE_LOOP_ANALYSIS = YES;
				CLANG_WARN_STRICT_PROTOTYPES = YES;
				CLANG_WARN_SUSPICIOUS_MOVE = YES;
				CLANG_WARN_UNGUARDED_AVAILABILITY = YES_AGGRESSIVE;
				CLANG_WARN_UNREACHABLE_CODE = YES;
				CLANG_WARN__DUPLICATE_METHOD_MATCH = YES;
				COPY_PHASE_STRIP = NO;
				DEBUG_INFORMATION_FORMAT = "dwarf-with-dsym";
				ENABLE_NS_ASSERTIONS = NO;
				ENABLE_STRICT_OBJC_MSGSEND = YES;
				GCC_C_LANGUAGE_STANDARD = gnu11;
				GCC_NO_COMMON_BLOCKS = YES;
				GCC_WARN_64_TO_32_BIT_CONVERSION = YES;
				GCC_WARN_ABOUT_RETURN_TYPE = YES_ERROR;
				GCC_WARN_UNDECLARED_SELECTOR = YES;
				GCC_WARN_UNINITIALIZED_AUTOS = YES_AGGRESSIVE;
				GCC_WARN_UNUSED_FUNCTION = YES;
				GCC_WARN_UNUSED_VARIABLE = YES;
				IPHONEOS_DEPLOYMENT_TARGET = 13.4;
				MTL_ENABLE_DEBUG_INFO = NO;
				MTL_FAST_MATH = YES;
				SDKROOT = iphoneos;
				SWIFT_COMPILATION_MODE = wholemodule;
				SWIFT_OPTIMIZATION_LEVEL = "-O";
				VALIDATE_PRODUCT = YES;
			};
			name = Release;
		};
		817B03CC243DF75400563BE4 /* Debug */ = {
			isa = XCBuildConfiguration;
			buildSettings = {
				ASSETCATALOG_COMPILER_APPICON_NAME = AppIcon;
				CODE_SIGN_STYLE = Automatic;
				DEVELOPMENT_TEAM = CH49HA965Z;
				INFOPLIST_FILE = DynamicConstraints/Info.plist;
				LD_RUNPATH_SEARCH_PATHS = (
					"$(inherited)",
					"@executable_path/Frameworks",
				);
				PRODUCT_BUNDLE_IDENTIFIER = com.developer.adriano.FaceRecognition.DynamicConstraints;
				PRODUCT_NAME = "$(TARGET_NAME)";
				SWIFT_VERSION = 5.0;
				TARGETED_DEVICE_FAMILY = "1,2";
			};
			name = Debug;
		};
		817B03CD243DF75400563BE4 /* Release */ = {
			isa = XCBuildConfiguration;
			buildSettings = {
				ASSETCATALOG_COMPILER_APPICON_NAME = AppIcon;
				CODE_SIGN_STYLE = Automatic;
				DEVELOPMENT_TEAM = CH49HA965Z;
				INFOPLIST_FILE = DynamicConstraints/Info.plist;
				LD_RUNPATH_SEARCH_PATHS = (
					"$(inherited)",
					"@executable_path/Frameworks",
				);
				PRODUCT_BUNDLE_IDENTIFIER = com.developer.adriano.FaceRecognition.DynamicConstraints;
				PRODUCT_NAME = "$(TARGET_NAME)";
				SWIFT_VERSION = 5.0;
				TARGETED_DEVICE_FAMILY = "1,2";
			};
			name = Release;
		};
/* End XCBuildConfiguration section */

/* Begin XCConfigurationList section */
		817B03B2243DF75000563BE4 /* Build configuration list for PBXProject "DynamicConstraints" */ = {
			isa = XCConfigurationList;
			buildConfigurations = (
				817B03C9243DF75400563BE4 /* Debug */,
				817B03CA243DF75400563BE4 /* Release */,
			);
			defaultConfigurationIsVisible = 0;
			defaultConfigurationName = Release;
		};
		817B03CB243DF75400563BE4 /* Build configuration list for PBXNativeTarget "DynamicConstraints" */ = {
			isa = XCConfigurationList;
			buildConfigurations = (
				817B03CC243DF75400563BE4 /* Debug */,
				817B03CD243DF75400563BE4 /* Release */,
			);
			defaultConfigurationIsVisible = 0;
			defaultConfigurationName = Release;
		};
/* End XCConfigurationList section */

/* Begin XCRemoteSwiftPackageReference section */
		817B03CE243DF80F00563BE4 /* XCRemoteSwiftPackageReference "RxSwift" */ = {
			isa = XCRemoteSwiftPackageReference;
			repositoryURL = "https://github.com/ReactiveX/RxSwift";
			requirement = {
				kind = upToNextMajorVersion;
				minimumVersion = 5.1.1;
			};
		};
/* End XCRemoteSwiftPackageReference section */

/* Begin XCSwiftPackageProductDependency section */
		817B03CF243DF80F00563BE4 /* RxSwift */ = {
			isa = XCSwiftPackageProductDependency;
			package = 817B03CE243DF80F00563BE4 /* XCRemoteSwiftPackageReference "RxSwift" */;
			productName = RxSwift;
		};
		817B03D1243DF80F00563BE4 /* RxCocoa */ = {
			isa = XCSwiftPackageProductDependency;
			package = 817B03CE243DF80F00563BE4 /* XCRemoteSwiftPackageReference "RxSwift" */;
			productName = RxCocoa;
		};
/* End XCSwiftPackageProductDependency section */
	};
	rootObject = 817B03AF243DF75000563BE4 /* Project object */;
}
